
Microsoft Visual Studio Solution File, Format Version 12.00
# Visual Studio Version 17
VisualStudioVersion = 17.8.34004.107
MinimumVisualStudioVersion = 10.0.40219.1
Project("{9A19103F-16F7-4668-BE54-9A1E7A4F7556}") = "QuickGridColumnResizer.Examples", "QuickGridColumnResizer.Examples\QuickGridColumnResizer.Examples.csproj", "{6AE32290-FE2A-4CE7-B9C5-323A38CC126A}"
EndProject
Project("{9A19103F-16F7-4668-BE54-9A1E7A4F7556}") = "QuickGridColumnResizer", "QuickGridColumnResizer\QuickGridColumnResizer.csproj", "{95D49C7B-105F-40F7-889E-A7792227E7F4}"
EndProject
Global
	GlobalSection(SolutionConfigurationPlatforms) = preSolution
		Debug|Any CPU = Debug|Any CPU
		Release|Any CPU = Release|Any CPU
	EndGlobalSection
	GlobalSection(ProjectConfigurationPlatforms) = postSolution
		{6AE32290-FE2A-4CE7-B9C5-323A38CC126A}.Debug|Any CPU.ActiveCfg = Debug|Any CPU
		{6AE32290-FE2A-4CE7-B9C5-323A38CC126A}.Debug|Any CPU.Build.0 = Debug|Any CPU
		{6AE32290-FE2A-4CE7-B9C5-323A38CC126A}.Release|Any CPU.ActiveCfg = Release|Any CPU
		{6AE32290-FE2A-4CE7-B9C5-323A38CC126A}.Release|Any CPU.Build.0 = Release|Any CPU
		{95D49C7B-105F-40F7-889E-A7792227E7F4}.Debug|Any CPU.ActiveCfg = Debug|Any CPU
		{95D49C7B-105F-40F7-889E-A7792227E7F4}.Debug|Any CPU.Build.0 = Debug|Any CPU
		{95D49C7B-105F-40F7-889E-A7792227E7F4}.Release|Any CPU.ActiveCfg = Release|Any CPU
		{95D49C7B-105F-40F7-889E-A7792227E7F4}.Release|Any CPU.Build.0 = Release|Any CPU
	EndGlobalSection
	GlobalSection(SolutionProperties) = preSolution
		HideSolutionNode = FALSE
	EndGlobalSection
	GlobalSection(ExtensibilityGlobals) = postSolution
		SolutionGuid = {EEC9B1B8-F711-49B9-AAEA-0A0AB8DD128C}
	EndGlobalSection
EndGlobal
